// !$*UTF8*$!
{
	archiveVersion = 1;
	classes = {
	};
	objectVersion = 50;
	objects = {

/* Begin PBXBuildFile section */
		3B3FD73A25006C4600DDC6AA /* MovieCell.swift in Sources */ = {isa = PBXBuildFile; fileRef = 3B3FD73925006C4600DDC6AA /* MovieCell.swift */; };
		3BBD7C0224FF57A7006BC1C5 /* AppDelegate.swift in Sources */ = {isa = PBXBuildFile; fileRef = 3BBD7C0124FF57A7006BC1C5 /* AppDelegate.swift */; };
		3BBD7C0424FF57A7006BC1C5 /* SceneDelegate.swift in Sources */ = {isa = PBXBuildFile; fileRef = 3BBD7C0324FF57A7006BC1C5 /* SceneDelegate.swift */; };
		3BBD7C0924FF57A7006BC1C5 /* Main.storyboard in Resources */ = {isa = PBXBuildFile; fileRef = 3BBD7C0724FF57A7006BC1C5 /* Main.storyboard */; };
		3BBD7C0B24FF57A8006BC1C5 /* Assets.xcassets in Resources */ = {isa = PBXBuildFile; fileRef = 3BBD7C0A24FF57A8006BC1C5 /* Assets.xcassets */; };
		3BBD7C0E24FF57A8006BC1C5 /* LaunchScreen.storyboard in Resources */ = {isa = PBXBuildFile; fileRef = 3BBD7C0C24FF57A8006BC1C5 /* LaunchScreen.storyboard */; };
		3BBD7C1924FF57A8006BC1C5 /* flixterTests.swift in Sources */ = {isa = PBXBuildFile; fileRef = 3BBD7C1824FF57A8006BC1C5 /* flixterTests.swift */; };
		3BBD7C2424FF57A8006BC1C5 /* flixterUITests.swift in Sources */ = {isa = PBXBuildFile; fileRef = 3BBD7C2324FF57A8006BC1C5 /* flixterUITests.swift */; };
		3BBD7C3224FF596F006BC1C5 /* MoviesViewController.swift in Sources */ = {isa = PBXBuildFile; fileRef = 3BBD7C3124FF596F006BC1C5 /* MoviesViewController.swift */; };
		6112A657CEC54CA6E044F27D /* Pods_flixterTests.framework in Frameworks */ = {isa = PBXBuildFile; fileRef = BDA0D2E381A91738F74D5C05 /* Pods_flixterTests.framework */; };
		95A191AD885BB713ADDA8D64 /* Pods_flixter.framework in Frameworks */ = {isa = PBXBuildFile; fileRef = BCCD4AA871D0EAF868119245 /* Pods_flixter.framework */; };
		D69F490295B8FB10FFEBA7CC /* Pods_flixter_flixterUITests.framework in Frameworks */ = {isa = PBXBuildFile; fileRef = 0F4902062B29A177FACD14DE /* Pods_flixter_flixterUITests.framework */; };
/* End PBXBuildFile section */

/* Begin PBXContainerItemProxy section */
		3BBD7C1524FF57A8006BC1C5 /* PBXContainerItemProxy */ = {
			isa = PBXContainerItemProxy;
			containerPortal = 3BBD7BF624FF57A7006BC1C5 /* Project object */;
			proxyType = 1;
			remoteGlobalIDString = 3BBD7BFD24FF57A7006BC1C5;
			remoteInfo = flixter;
		};
		3BBD7C2024FF57A8006BC1C5 /* PBXContainerItemProxy */ = {
			isa = PBXContainerItemProxy;
			containerPortal = 3BBD7BF624FF57A7006BC1C5 /* Project object */;
			proxyType = 1;
			remoteGlobalIDString = 3BBD7BFD24FF57A7006BC1C5;
			remoteInfo = flixter;
		};
/* End PBXContainerItemProxy section */

/* Begin PBXFileReference section */
		0F4902062B29A177FACD14DE /* Pods_flixter_flixterUITests.framework */ = {isa = PBXFileReference; explicitFileType = wrapper.framework; includeInIndex = 0; path = Pods_flixter_flixterUITests.framework; sourceTree = BUILT_PRODUCTS_DIR; };
		100CECB8FBEE5BA352FE7BA9 /* Pods-flixterTests.release.xcconfig */ = {isa = PBXFileReference; includeInIndex = 1; lastKnownFileType = text.xcconfig; name = "Pods-flixterTests.release.xcconfig"; path = "Target Support Files/Pods-flixterTests/Pods-flixterTests.release.xcconfig"; sourceTree = "<group>"; };
		20B1A05EF310D9240C329B23 /* Pods-flixter.release.xcconfig */ = {isa = PBXFileReference; includeInIndex = 1; lastKnownFileType = text.xcconfig; name = "Pods-flixter.release.xcconfig"; path = "Target Support Files/Pods-flixter/Pods-flixter.release.xcconfig"; sourceTree = "<group>"; };
		3B3FD73925006C4600DDC6AA /* MovieCell.swift */ = {isa = PBXFileReference; lastKnownFileType = sourcecode.swift; path = MovieCell.swift; sourceTree = "<group>"; };
		3BBD7BFE24FF57A7006BC1C5 /* flixter.app */ = {isa = PBXFileReference; explicitFileType = wrapper.application; includeInIndex = 0; path = flixter.app; sourceTree = BUILT_PRODUCTS_DIR; };
		3BBD7C0124FF57A7006BC1C5 /* AppDelegate.swift */ = {isa = PBXFileReference; lastKnownFileType = sourcecode.swift; path = AppDelegate.swift; sourceTree = "<group>"; };
		3BBD7C0324FF57A7006BC1C5 /* SceneDelegate.swift */ = {isa = PBXFileReference; lastKnownFileType = sourcecode.swift; path = SceneDelegate.swift; sourceTree = "<group>"; };
		3BBD7C0824FF57A7006BC1C5 /* Base */ = {isa = PBXFileReference; lastKnownFileType = file.storyboard; name = Base; path = Base.lproj/Main.storyboard; sourceTree = "<group>"; };
		3BBD7C0A24FF57A8006BC1C5 /* Assets.xcassets */ = {isa = PBXFileReference; lastKnownFileType = folder.assetcatalog; path = Assets.xcassets; sourceTree = "<group>"; };
		3BBD7C0D24FF57A8006BC1C5 /* Base */ = {isa = PBXFileReference; lastKnownFileType = file.storyboard; name = Base; path = Base.lproj/LaunchScreen.storyboard; sourceTree = "<group>"; };
		3BBD7C0F24FF57A8006BC1C5 /* Info.plist */ = {isa = PBXFileReference; lastKnownFileType = text.plist.xml; path = Info.plist; sourceTree = "<group>"; };
		3BBD7C1424FF57A8006BC1C5 /* flixterTests.xctest */ = {isa = PBXFileReference; explicitFileType = wrapper.cfbundle; includeInIndex = 0; path = flixterTests.xctest; sourceTree = BUILT_PRODUCTS_DIR; };
		3BBD7C1824FF57A8006BC1C5 /* flixterTests.swift */ = {isa = PBXFileReference; lastKnownFileType = sourcecode.swift; path = flixterTests.swift; sourceTree = "<group>"; };
		3BBD7C1A24FF57A8006BC1C5 /* Info.plist */ = {isa = PBXFileReference; lastKnownFileType = text.plist.xml; path = Info.plist; sourceTree = "<group>"; };
		3BBD7C1F24FF57A8006BC1C5 /* flixterUITests.xctest */ = {isa = PBXFileReference; explicitFileType = wrapper.cfbundle; includeInIndex = 0; path = flixterUITests.xctest; sourceTree = BUILT_PRODUCTS_DIR; };
		3BBD7C2324FF57A8006BC1C5 /* flixterUITests.swift */ = {isa = PBXFileReference; lastKnownFileType = sourcecode.swift; path = flixterUITests.swift; sourceTree = "<group>"; };
		3BBD7C2524FF57A8006BC1C5 /* Info.plist */ = {isa = PBXFileReference; lastKnownFileType = text.plist.xml; path = Info.plist; sourceTree = "<group>"; };
		3BBD7C3124FF596F006BC1C5 /* MoviesViewController.swift */ = {isa = PBXFileReference; lastKnownFileType = sourcecode.swift; path = MoviesViewController.swift; sourceTree = "<group>"; };
		89315478DEFC0D3BC6D1856A /* Pods-flixter-flixterUITests.debug.xcconfig */ = {isa = PBXFileReference; includeInIndex = 1; lastKnownFileType = text.xcconfig; name = "Pods-flixter-flixterUITests.debug.xcconfig"; path = "Target Support Files/Pods-flixter-flixterUITests/Pods-flixter-flixterUITests.debug.xcconfig"; sourceTree = "<group>"; };
		BCCD4AA871D0EAF868119245 /* Pods_flixter.framework */ = {isa = PBXFileReference; explicitFileType = wrapper.framework; includeInIndex = 0; path = Pods_flixter.framework; sourceTree = BUILT_PRODUCTS_DIR; };
		BDA0D2E381A91738F74D5C05 /* Pods_flixterTests.framework */ = {isa = PBXFileReference; explicitFileType = wrapper.framework; includeInIndex = 0; path = Pods_flixterTests.framework; sourceTree = BUILT_PRODUCTS_DIR; };
		F432A96C319E072220EB7533 /* Pods-flixterTests.debug.xcconfig */ = {isa = PBXFileReference; includeInIndex = 1; lastKnownFileType = text.xcconfig; name = "Pods-flixterTests.debug.xcconfig"; path = "Target Support Files/Pods-flixterTests/Pods-flixterTests.debug.xcconfig"; sourceTree = "<group>"; };
		F601BB5FEBFB6C9CF033439F /* Pods-flixter-flixterUITests.release.xcconfig */ = {isa = PBXFileReference; includeInIndex = 1; lastKnownFileType = text.xcconfig; name = "Pods-flixter-flixterUITests.release.xcconfig"; path = "Target Support Files/Pods-flixter-flixterUITests/Pods-flixter-flixterUITests.release.xcconfig"; sourceTree = "<group>"; };
		FD6C493C44FE17FDDC059958 /* Pods-flixter.debug.xcconfig */ = {isa = PBXFileReference; includeInIndex = 1; lastKnownFileType = text.xcconfig; name = "Pods-flixter.debug.xcconfig"; path = "Target Support Files/Pods-flixter/Pods-flixter.debug.xcconfig"; sourceTree = "<group>"; };
/* End PBXFileReference section */

/* Begin PBXFrameworksBuildPhase section */
		3BBD7BFB24FF57A7006BC1C5 /* Frameworks */ = {
			isa = PBXFrameworksBuildPhase;
			buildActionMask = 2147483647;
			files = (
				95A191AD885BB713ADDA8D64 /* Pods_flixter.framework in Frameworks */,
			);
			runOnlyForDeploymentPostprocessing = 0;
		};
		3BBD7C1124FF57A8006BC1C5 /* Frameworks */ = {
			isa = PBXFrameworksBuildPhase;
			buildActionMask = 2147483647;
			files = (
				6112A657CEC54CA6E044F27D /* Pods_flixterTests.framework in Frameworks */,
			);
			runOnlyForDeploymentPostprocessing = 0;
		};
		3BBD7C1C24FF57A8006BC1C5 /* Frameworks */ = {
			isa = PBXFrameworksBuildPhase;
			buildActionMask = 2147483647;
			files = (
				D69F490295B8FB10FFEBA7CC /* Pods_flixter_flixterUITests.framework in Frameworks */,
			);
			runOnlyForDeploymentPostprocessing = 0;
		};
/* End PBXFrameworksBuildPhase section */

/* Begin PBXGroup section */
		30A0BBEFCBA204ECFB0730B4 /* Frameworks */ = {
			isa = PBXGroup;
			children = (
				BCCD4AA871D0EAF868119245 /* Pods_flixter.framework */,
				0F4902062B29A177FACD14DE /* Pods_flixter_flixterUITests.framework */,
				BDA0D2E381A91738F74D5C05 /* Pods_flixterTests.framework */,
			);
			name = Frameworks;
			sourceTree = "<group>";
		};
		3BBD7BF524FF57A7006BC1C5 = {
			isa = PBXGroup;
			children = (
				3BBD7C0024FF57A7006BC1C5 /* flixter */,
				3BBD7C1724FF57A8006BC1C5 /* flixterTests */,
				3BBD7C2224FF57A8006BC1C5 /* flixterUITests */,
				3BBD7BFF24FF57A7006BC1C5 /* Products */,
				F1565B0BDE4D0678036AC28D /* Pods */,
				30A0BBEFCBA204ECFB0730B4 /* Frameworks */,
			);
			sourceTree = "<group>";
		};
		3BBD7BFF24FF57A7006BC1C5 /* Products */ = {
			isa = PBXGroup;
			children = (
				3BBD7BFE24FF57A7006BC1C5 /* flixter.app */,
				3BBD7C1424FF57A8006BC1C5 /* flixterTests.xctest */,
				3BBD7C1F24FF57A8006BC1C5 /* flixterUITests.xctest */,
			);
			name = Products;
			sourceTree = "<group>";
		};
		3BBD7C0024FF57A7006BC1C5 /* flixter */ = {
			isa = PBXGroup;
			children = (
				3BBD7C0124FF57A7006BC1C5 /* AppDelegate.swift */,
				3BBD7C0324FF57A7006BC1C5 /* SceneDelegate.swift */,
				3BBD7C0724FF57A7006BC1C5 /* Main.storyboard */,
				3BBD7C0A24FF57A8006BC1C5 /* Assets.xcassets */,
				3BBD7C0C24FF57A8006BC1C5 /* LaunchScreen.storyboard */,
				3BBD7C0F24FF57A8006BC1C5 /* Info.plist */,
				3BBD7C3124FF596F006BC1C5 /* MoviesViewController.swift */,
				3B3FD73925006C4600DDC6AA /* MovieCell.swift */,
			);
			path = flixter;
			sourceTree = "<group>";
		};
		3BBD7C1724FF57A8006BC1C5 /* flixterTests */ = {
			isa = PBXGroup;
			children = (
				3BBD7C1824FF57A8006BC1C5 /* flixterTests.swift */,
				3BBD7C1A24FF57A8006BC1C5 /* Info.plist */,
			);
			path = flixterTests;
			sourceTree = "<group>";
		};
		3BBD7C2224FF57A8006BC1C5 /* flixterUITests */ = {
			isa = PBXGroup;
			children = (
				3BBD7C2324FF57A8006BC1C5 /* flixterUITests.swift */,
				3BBD7C2524FF57A8006BC1C5 /* Info.plist */,
			);
			path = flixterUITests;
			sourceTree = "<group>";
		};
		F1565B0BDE4D0678036AC28D /* Pods */ = {
			isa = PBXGroup;
			children = (
				FD6C493C44FE17FDDC059958 /* Pods-flixter.debug.xcconfig */,
				20B1A05EF310D9240C329B23 /* Pods-flixter.release.xcconfig */,
				89315478DEFC0D3BC6D1856A /* Pods-flixter-flixterUITests.debug.xcconfig */,
				F601BB5FEBFB6C9CF033439F /* Pods-flixter-flixterUITests.release.xcconfig */,
				F432A96C319E072220EB7533 /* Pods-flixterTests.debug.xcconfig */,
				100CECB8FBEE5BA352FE7BA9 /* Pods-flixterTests.release.xcconfig */,
			);
			name = Pods;
			path = Pods;
			sourceTree = "<group>";
		};
/* End PBXGroup section */

/* Begin PBXNativeTarget section */
		3BBD7BFD24FF57A7006BC1C5 /* flixter */ = {
			isa = PBXNativeTarget;
			buildConfigurationList = 3BBD7C2824FF57A8006BC1C5 /* Build configuration list for PBXNativeTarget "flixter" */;
			buildPhases = (
				4DB294ECF46168A0124BA7DA /* [CP] Check Pods Manifest.lock */,
				3BBD7BFA24FF57A7006BC1C5 /* Sources */,
				3BBD7BFB24FF57A7006BC1C5 /* Frameworks */,
				3BBD7BFC24FF57A7006BC1C5 /* Resources */,
				D24A9D7884CE5E4BFD2572AF /* [CP] Embed Pods Frameworks */,
			);
			buildRules = (
			);
			dependencies = (
			);
			name = flixter;
			productName = flixter;
			productReference = 3BBD7BFE24FF57A7006BC1C5 /* flixter.app */;
			productType = "com.apple.product-type.application";
		};
		3BBD7C1324FF57A8006BC1C5 /* flixterTests */ = {
			isa = PBXNativeTarget;
			buildConfigurationList = 3BBD7C2B24FF57A8006BC1C5 /* Build configuration list for PBXNativeTarget "flixterTests" */;
			buildPhases = (
				E19DCDB3668A5314F99B35D9 /* [CP] Check Pods Manifest.lock */,
				3BBD7C1024FF57A8006BC1C5 /* Sources */,
				3BBD7C1124FF57A8006BC1C5 /* Frameworks */,
				3BBD7C1224FF57A8006BC1C5 /* Resources */,
			);
			buildRules = (
			);
			dependencies = (
				3BBD7C1624FF57A8006BC1C5 /* PBXTargetDependency */,
			);
			name = flixterTests;
			productName = flixterTests;
			productReference = 3BBD7C1424FF57A8006BC1C5 /* flixterTests.xctest */;
			productType = "com.apple.product-type.bundle.unit-test";
		};
		3BBD7C1E24FF57A8006BC1C5 /* flixterUITests */ = {
			isa = PBXNativeTarget;
			buildConfigurationList = 3BBD7C2E24FF57A8006BC1C5 /* Build configuration list for PBXNativeTarget "flixterUITests" */;
			buildPhases = (
				6F8B521C226723942B6C03EC /* [CP] Check Pods Manifest.lock */,
				3BBD7C1B24FF57A8006BC1C5 /* Sources */,
				3BBD7C1C24FF57A8006BC1C5 /* Frameworks */,
				3BBD7C1D24FF57A8006BC1C5 /* Resources */,
				9749F7163FE50FC465323147 /* [CP] Embed Pods Frameworks */,
			);
			buildRules = (
			);
			dependencies = (
				3BBD7C2124FF57A8006BC1C5 /* PBXTargetDependency */,
			);
			name = flixterUITests;
			productName = flixterUITests;
			productReference = 3BBD7C1F24FF57A8006BC1C5 /* flixterUITests.xctest */;
			productType = "com.apple.product-type.bundle.ui-testing";
		};
/* End PBXNativeTarget section */

/* Begin PBXProject section */
		3BBD7BF624FF57A7006BC1C5 /* Project object */ = {
			isa = PBXProject;
			attributes = {
				LastSwiftUpdateCheck = 1170;
				LastUpgradeCheck = 1170;
				ORGANIZATIONNAME = jenna5734;
				TargetAttributes = {
					3BBD7BFD24FF57A7006BC1C5 = {
						CreatedOnToolsVersion = 11.7;
					};
					3BBD7C1324FF57A8006BC1C5 = {
						CreatedOnToolsVersion = 11.7;
						TestTargetID = 3BBD7BFD24FF57A7006BC1C5;
					};
					3BBD7C1E24FF57A8006BC1C5 = {
						CreatedOnToolsVersion = 11.7;
						TestTargetID = 3BBD7BFD24FF57A7006BC1C5;
					};
				};
			};
			buildConfigurationList = 3BBD7BF924FF57A7006BC1C5 /* Build configuration list for PBXProject "flixter" */;
			compatibilityVersion = "Xcode 9.3";
			developmentRegion = en;
			hasScannedForEncodings = 0;
			knownRegions = (
				en,
				Base,
			);
			mainGroup = 3BBD7BF524FF57A7006BC1C5;
			productRefGroup = 3BBD7BFF24FF57A7006BC1C5 /* Products */;
			projectDirPath = "";
			projectRoot = "";
			targets = (
				3BBD7BFD24FF57A7006BC1C5 /* flixter */,
				3BBD7C1324FF57A8006BC1C5 /* flixterTests */,
				3BBD7C1E24FF57A8006BC1C5 /* flixterUITests */,
			);
		};
/* End PBXProject section */

/* Begin PBXResourcesBuildPhase section */
		3BBD7BFC24FF57A7006BC1C5 /* Resources */ = {
			isa = PBXResourcesBuildPhase;
			buildActionMask = 2147483647;
			files = (
				3BBD7C0E24FF57A8006BC1C5 /* LaunchScreen.storyboard in Resources */,
				3BBD7C0B24FF57A8006BC1C5 /* Assets.xcassets in Resources */,
				3BBD7C0924FF57A7006BC1C5 /* Main.storyboard in Resources */,
			);
			runOnlyForDeploymentPostprocessing = 0;
		};
		3BBD7C1224FF57A8006BC1C5 /* Resources */ = {
			isa = PBXResourcesBuildPhase;
			buildActionMask = 2147483647;
			files = (
			);
			runOnlyForDeploymentPostprocessing = 0;
		};
		3BBD7C1D24FF57A8006BC1C5 /* Resources */ = {
			isa = PBXResourcesBuildPhase;
			buildActionMask = 2147483647;
			files = (
			);
			runOnlyForDeploymentPostprocessing = 0;
		};
/* End PBXResourcesBuildPhase section */

/* Begin PBXShellScriptBuildPhase section */
		4DB294ECF46168A0124BA7DA /* [CP] Check Pods Manifest.lock */ = {
			isa = PBXShellScriptBuildPhase;
			buildActionMask = 2147483647;
			files = (
			);
			inputFileListPaths = (
			);
			inputPaths = (
				"${PODS_PODFILE_DIR_PATH}/Podfile.lock",
				"${PODS_ROOT}/Manifest.lock",
			);
			name = "[CP] Check Pods Manifest.lock";
			outputFileListPaths = (
			);
			outputPaths = (
				"$(DERIVED_FILE_DIR)/Pods-flixter-checkManifestLockResult.txt",
			);
			runOnlyForDeploymentPostprocessing = 0;
			shellPath = /bin/sh;
			shellScript = "diff \"${PODS_PODFILE_DIR_PATH}/Podfile.lock\" \"${PODS_ROOT}/Manifest.lock\" > /dev/null\nif [ $? != 0 ] ; then\n    # print error to STDERR\n    echo \"error: The sandbox is not in sync with the Podfile.lock. Run 'pod install' or update your CocoaPods installation.\" >&2\n    exit 1\nfi\n# This output is used by Xcode 'outputs' to avoid re-running this script phase.\necho \"SUCCESS\" > \"${SCRIPT_OUTPUT_FILE_0}\"\n";
			showEnvVarsInLog = 0;
		};
		6F8B521C226723942B6C03EC /* [CP] Check Pods Manifest.lock */ = {
			isa = PBXShellScriptBuildPhase;
			buildActionMask = 2147483647;
			files = (
			);
			inputFileListPaths = (
			);
			inputPaths = (
				"${PODS_PODFILE_DIR_PATH}/Podfile.lock",
				"${PODS_ROOT}/Manifest.lock",
			);
			name = "[CP] Check Pods Manifest.lock";
			outputFileListPaths = (
			);
			outputPaths = (
				"$(DERIVED_FILE_DIR)/Pods-flixter-flixterUITests-checkManifestLockResult.txt",
			);
			runOnlyForDeploymentPostprocessing = 0;
			shellPath = /bin/sh;
			shellScript = "diff \"${PODS_PODFILE_DIR_PATH}/Podfile.lock\" \"${PODS_ROOT}/Manifest.lock\" > /dev/null\nif [ $? != 0 ] ; then\n    # print error to STDERR\n    echo \"error: The sandbox is not in sync with the Podfile.lock. Run 'pod install' or update your CocoaPods installation.\" >&2\n    exit 1\nfi\n# This output is used by Xcode 'outputs' to avoid re-running this script phase.\necho \"SUCCESS\" > \"${SCRIPT_OUTPUT_FILE_0}\"\n";
			showEnvVarsInLog = 0;
		};
		9749F7163FE50FC465323147 /* [CP] Embed Pods Frameworks */ = {
			isa = PBXShellScriptBuildPhase;
			buildActionMask = 2147483647;
			files = (
			);
			inputFileListPaths = (
				"${PODS_ROOT}/Target Support Files/Pods-flixter-flixterUITests/Pods-flixter-flixterUITests-frameworks-${CONFIGURATION}-input-files.xcfilelist",
			);
			name = "[CP] Embed Pods Frameworks";
			outputFileListPaths = (
				"${PODS_ROOT}/Target Support Files/Pods-flixter-flixterUITests/Pods-flixter-flixterUITests-frameworks-${CONFIGURATION}-output-files.xcfilelist",
			);
			runOnlyForDeploymentPostprocessing = 0;
			shellPath = /bin/sh;
			shellScript = "\"${PODS_ROOT}/Target Support Files/Pods-flixter-flixterUITests/Pods-flixter-flixterUITests-frameworks.sh\"\n";
			showEnvVarsInLog = 0;
		};
		D24A9D7884CE5E4BFD2572AF /* [CP] Embed Pods Frameworks */ = {
			isa = PBXShellScriptBuildPhase;
			buildActionMask = 2147483647;
			files = (
			);
			inputFileListPaths = (
				"${PODS_ROOT}/Target Support Files/Pods-flixter/Pods-flixter-frameworks-${CONFIGURATION}-input-files.xcfilelist",
			);
			name = "[CP] Embed Pods Frameworks";
			outputFileListPaths = (
				"${PODS_ROOT}/Target Support Files/Pods-flixter/Pods-flixter-frameworks-${CONFIGURATION}-output-files.xcfilelist",
			);
			runOnlyForDeploymentPostprocessing = 0;
			shellPath = /bin/sh;
			shellScript = "\"${PODS_ROOT}/Target Support Files/Pods-flixter/Pods-flixter-frameworks.sh\"\n";
			showEnvVarsInLog = 0;
		};
		E19DCDB3668A5314F99B35D9 /* [CP] Check Pods Manifest.lock */ = {
			isa = PBXShellScriptBuildPhase;
			buildActionMask = 2147483647;
			files = (
			);
			inputFileListPaths = (
			);
			inputPaths = (
				"${PODS_PODFILE_DIR_PATH}/Podfile.lock",
				"${PODS_ROOT}/Manifest.lock",
			);
			name = "[CP] Check Pods Manifest.lock";
			outputFileListPaths = (
			);
			outputPaths = (
				"$(DERIVED_FILE_DIR)/Pods-flixterTests-checkManifestLockResult.txt",
			);
			runOnlyForDeploymentPostprocessing = 0;
			shellPath = /bin/sh;
			shellScript = "diff \"${PODS_PODFILE_DIR_PATH}/Podfile.lock\" \"${PODS_ROOT}/Manifest.lock\" > /dev/null\nif [ $? != 0 ] ; then\n    # print error to STDERR\n    echo \"error: The sandbox is not in sync with the Podfile.lock. Run 'pod install' or update your CocoaPods installation.\" >&2\n    exit 1\nfi\n# This output is used by Xcode 'outputs' to avoid re-running this script phase.\necho \"SUCCESS\" > \"${SCRIPT_OUTPUT_FILE_0}\"\n";
			showEnvVarsInLog = 0;
		};
/* End PBXShellScriptBuildPhase section */

/* Begin PBXSourcesBuildPhase section */
		3BBD7BFA24FF57A7006BC1C5 /* Sources */ = {
			isa = PBXSourcesBuildPhase;
			buildActionMask = 2147483647;
			files = (
				3BBD7C0224FF57A7006BC1C5 /* AppDelegate.swift in Sources */,
				3BBD7C0424FF57A7006BC1C5 /* SceneDelegate.swift in Sources */,
				3B3FD73A25006C4600DDC6AA /* MovieCell.swift in Sources */,
				3BBD7C3224FF596F006BC1C5 /* MoviesViewController.swift in Sources */,
			);
			runOnlyForDeploymentPostprocessing = 0;
		};
		3BBD7C1024FF57A8006BC1C5 /* Sources */ = {
			isa = PBXSourcesBuildPhase;
			buildActionMask = 2147483647;
			files = (
				3BBD7C1924FF57A8006BC1C5 /* flixterTests.swift in Sources */,
			);
			runOnlyForDeploymentPostprocessing = 0;
		};
		3BBD7C1B24FF57A8006BC1C5 /* Sources */ = {
			isa = PBXSourcesBuildPhase;
			buildActionMask = 2147483647;
			files = (
				3BBD7C2424FF57A8006BC1C5 /* flixterUITests.swift in Sources */,
			);
			runOnlyForDeploymentPostprocessing = 0;
		};
/* End PBXSourcesBuildPhase section */

/* Begin PBXTargetDependency section */
		3BBD7C1624FF57A8006BC1C5 /* PBXTargetDependency */ = {
			isa = PBXTargetDependency;
			target = 3BBD7BFD24FF57A7006BC1C5 /* flixter */;
			targetProxy = 3BBD7C1524FF57A8006BC1C5 /* PBXContainerItemProxy */;
		};
		3BBD7C2124FF57A8006BC1C5 /* PBXTargetDependency */ = {
			isa = PBXTargetDependency;
			target = 3BBD7BFD24FF57A7006BC1C5 /* flixter */;
			targetProxy = 3BBD7C2024FF57A8006BC1C5 /* PBXContainerItemProxy */;
		};
/* End PBXTargetDependency section */

/* Begin PBXVariantGroup section */
		3BBD7C0724FF57A7006BC1C5 /* Main.storyboard */ = {
			isa = PBXVariantGroup;
			children = (
				3BBD7C0824FF57A7006BC1C5 /* Base */,
			);
			name = Main.storyboard;
			sourceTree = "<group>";
		};
		3BBD7C0C24FF57A8006BC1C5 /* LaunchScreen.storyboard */ = {
			isa = PBXVariantGroup;
			children = (
				3BBD7C0D24FF57A8006BC1C5 /* Base */,
			);
			name = LaunchScreen.storyboard;
			sourceTree = "<group>";
		};
/* End PBXVariantGroup section */

/* Begin XCBuildConfiguration section */
		3BBD7C2624FF57A8006BC1C5 /* Debug */ = {
			isa = XCBuildConfiguration;
			buildSettings = {
				ALWAYS_SEARCH_USER_PATHS = NO;
				CLANG_ANALYZER_NONNULL = YES;
				CLANG_ANALYZER_NUMBER_OBJECT_CONVERSION = YES_AGGRESSIVE;
				CLANG_CXX_LANGUAGE_STANDARD = "gnu++14";
				CLANG_CXX_LIBRARY = "libc++";
				CLANG_ENABLE_MODULES = YES;
				CLANG_ENABLE_OBJC_ARC = YES;
				CLANG_ENABLE_OBJC_WEAK = YES;
				CLANG_WARN_BLOCK_CAPTURE_AUTORELEASING = YES;
				CLANG_WARN_BOOL_CONVERSION = YES;
				CLANG_WARN_COMMA = YES;
				CLANG_WARN_CONSTANT_CONVERSION = YES;
				CLANG_WARN_DEPRECATED_OBJC_IMPLEMENTATIONS = YES;
				CLANG_WARN_DIRECT_OBJC_ISA_USAGE = YES_ERROR;
				CLANG_WARN_DOCUMENTATION_COMMENTS = YES;
				CLANG_WARN_EMPTY_BODY = YES;
				CLANG_WARN_ENUM_CONVERSION = YES;
				CLANG_WARN_INFINITE_RECURSION = YES;
				CLANG_WARN_INT_CONVERSION = YES;
				CLANG_WARN_NON_LITERAL_NULL_CONVERSION = YES;
				CLANG_WARN_OBJC_IMPLICIT_RETAIN_SELF = YES;
				CLANG_WARN_OBJC_LITERAL_CONVERSION = YES;
				CLANG_WARN_OBJC_ROOT_CLASS = YES_ERROR;
				CLANG_WARN_RANGE_LOOP_ANALYSIS = YES;
				CLANG_WARN_STRICT_PROTOTYPES = YES;
				CLANG_WARN_SUSPICIOUS_MOVE = YES;
				CLANG_WARN_UNGUARDED_AVAILABILITY = YES_AGGRESSIVE;
				CLANG_WARN_UNREACHABLE_CODE = YES;
				CLANG_WARN__DUPLICATE_METHOD_MATCH = YES;
				COPY_PHASE_STRIP = NO;
				DEBUG_INFORMATION_FORMAT = dwarf;
				ENABLE_STRICT_OBJC_MSGSEND = YES;
				ENABLE_TESTABILITY = YES;
				GCC_C_LANGUAGE_STANDARD = gnu11;
				GCC_DYNAMIC_NO_PIC = NO;
				GCC_NO_COMMON_BLOCKS = YES;
				GCC_OPTIMIZATION_LEVEL = 0;
				GCC_PREPROCESSOR_DEFINITIONS = (
					"DEBUG=1",
					"$(inherited)",
				);
				GCC_WARN_64_TO_32_BIT_CONVERSION = YES;
				GCC_WARN_ABOUT_RETURN_TYPE = YES_ERROR;
				GCC_WARN_UNDECLARED_SELECTOR = YES;
				GCC_WARN_UNINITIALIZED_AUTOS = YES_AGGRESSIVE;
				GCC_WARN_UNUSED_FUNCTION = YES;
				GCC_WARN_UNUSED_VARIABLE = YES;
				IPHONEOS_DEPLOYMENT_TARGET = 13.7;
				MTL_ENABLE_DEBUG_INFO = INCLUDE_SOURCE;
				MTL_FAST_MATH = YES;
				ONLY_ACTIVE_ARCH = YES;
				SDKROOT = iphoneos;
				SWIFT_ACTIVE_COMPILATION_CONDITIONS = DEBUG;
				SWIFT_OPTIMIZATION_LEVEL = "-Onone";
			};
			name = Debug;
		};
		3BBD7C2724FF57A8006BC1C5 /* Release */ = {
			isa = XCBuildConfiguration;
			buildSettings = {
				ALWAYS_SEARCH_USER_PATHS = NO;
				CLANG_ANALYZER_NONNULL = YES;
				CLANG_ANALYZER_NUMBER_OBJECT_CONVERSION = YES_AGGRESSIVE;
				CLANG_CXX_LANGUAGE_STANDARD = "gnu++14";
				CLANG_CXX_LIBRARY = "libc++";
				CLANG_ENABLE_MODULES = YES;
				CLANG_ENABLE_OBJC_ARC = YES;
				CLANG_ENABLE_OBJC_WEAK = YES;
				CLANG_WARN_BLOCK_CAPTURE_AUTORELEASING = YES;
				CLANG_WARN_BOOL_CONVERSION = YES;
				CLANG_WARN_COMMA = YES;
				CLANG_WARN_CONSTANT_CONVERSION = YES;
				CLANG_WARN_DEPRECATED_OBJC_IMPLEMENTATIONS = YES;
				CLANG_WARN_DIRECT_OBJC_ISA_USAGE = YES_ERROR;
				CLANG_WARN_DOCUMENTATION_COMMENTS = YES;
				CLANG_WARN_EMPTY_BODY = YES;
				CLANG_WARN_ENUM_CONVERSION = YES;
				CLANG_WARN_INFINITE_RECURSION = YES;
				CLANG_WARN_INT_CONVERSION = YES;
				CLANG_WARN_NON_LITERAL_NULL_CONVERSION = YES;
				CLANG_WARN_OBJC_IMPLICIT_RETAIN_SELF = YES;
				CLANG_WARN_OBJC_LITERAL_CONVERSION = YES;
				CLANG_WARN_OBJC_ROOT_CLASS = YES_ERROR;
				CLANG_WARN_RANGE_LOOP_ANALYSIS = YES;
				CLANG_WARN_STRICT_PROTOTYPES = YES;
				CLANG_WARN_SUSPICIOUS_MOVE = YES;
				CLANG_WARN_UNGUARDED_AVAILABILITY = YES_AGGRESSIVE;
				CLANG_WARN_UNREACHABLE_CODE = YES;
				CLANG_WARN__DUPLICATE_METHOD_MATCH = YES;
				COPY_PHASE_STRIP = NO;
				DEBUG_INFORMATION_FORMAT = "dwarf-with-dsym";
				ENABLE_NS_ASSERTIONS = NO;
				ENABLE_STRICT_OBJC_MSGSEND = YES;
				GCC_C_LANGUAGE_STANDARD = gnu11;
				GCC_NO_COMMON_BLOCKS = YES;
				GCC_WARN_64_TO_32_BIT_CONVERSION = YES;
				GCC_WARN_ABOUT_RETURN_TYPE = YES_ERROR;
				GCC_WARN_UNDECLARED_SELECTOR = YES;
				GCC_WARN_UNINITIALIZED_AUTOS = YES_AGGRESSIVE;
				GCC_WARN_UNUSED_FUNCTION = YES;
				GCC_WARN_UNUSED_VARIABLE = YES;
				IPHONEOS_DEPLOYMENT_TARGET = 13.7;
				MTL_ENABLE_DEBUG_INFO = NO;
				MTL_FAST_MATH = YES;
				SDKROOT = iphoneos;
				SWIFT_COMPILATION_MODE = wholemodule;
				SWIFT_OPTIMIZATION_LEVEL = "-O";
				VALIDATE_PRODUCT = YES;
			};
			name = Release;
		};
		3BBD7C2924FF57A8006BC1C5 /* Debug */ = {
			isa = XCBuildConfiguration;
			baseConfigurationReference = FD6C493C44FE17FDDC059958 /* Pods-flixter.debug.xcconfig */;
			buildSettings = {
				ASSETCATALOG_COMPILER_APPICON_NAME = AppIcon;
				CODE_SIGN_STYLE = Automatic;
				INFOPLIST_FILE = flixter/Info.plist;
				LD_RUNPATH_SEARCH_PATHS = (
					"$(inherited)",
					"@executable_path/Frameworks",
				);
				PRODUCT_BUNDLE_IDENTIFIER = com.codepath.flixter;
				PRODUCT_NAME = "$(TARGET_NAME)";
				SWIFT_VERSION = 5.0;
				TARGETED_DEVICE_FAMILY = "1,2";
			};
			name = Debug;
		};
		3BBD7C2A24FF57A8006BC1C5 /* Release */ = {
			isa = XCBuildConfiguration;
			baseConfigurationReference = 20B1A05EF310D9240C329B23 /* Pods-flixter.release.xcconfig */;
			buildSettings = {
				ASSETCATALOG_COMPILER_APPICON_NAME = AppIcon;
				CODE_SIGN_STYLE = Automatic;
				INFOPLIST_FILE = flixter/Info.plist;
				LD_RUNPATH_SEARCH_PATHS = (
					"$(inherited)",
					"@executable_path/Frameworks",
				);
				PRODUCT_BUNDLE_IDENTIFIER = com.codepath.flixter;
				PRODUCT_NAME = "$(TARGET_NAME)";
				SWIFT_VERSION = 5.0;
				TARGETED_DEVICE_FAMILY = "1,2";
			};
			name = Release;
		};
		3BBD7C2C24FF57A8006BC1C5 /* Debug */ = {
			isa = XCBuildConfiguration;
			baseConfigurationReference = F432A96C319E072220EB7533 /* Pods-flixterTests.debug.xcconfig */;
			buildSettings = {
				ALWAYS_EMBED_SWIFT_STANDARD_LIBRARIES = YES;
				BUNDLE_LOADER = "$(TEST_HOST)";
				CODE_SIGN_STYLE = Automatic;
				INFOPLIST_FILE = flixterTests/Info.plist;
				IPHONEOS_DEPLOYMENT_TARGET = 13.7;
				LD_RUNPATH_SEARCH_PATHS = (
					"$(inherited)",
					"@executable_path/Frameworks",
					"@loader_path/Frameworks",
				);
				PRODUCT_BUNDLE_IDENTIFIER = com.codepath.flixterTests;
				PRODUCT_NAME = "$(TARGET_NAME)";
				SWIFT_VERSION = 5.0;
				TARGETED_DEVICE_FAMILY = "1,2";
				TEST_HOST = "$(BUILT_PRODUCTS_DIR)/flixter.app/flixter";
			};
			name = Debug;
		};
		3BBD7C2D24FF57A8006BC1C5 /* Release */ = {
			isa = XCBuildConfiguration;
			baseConfigurationReference = 100CECB8FBEE5BA352FE7BA9 /* Pods-flixterTests.release.xcconfig */;
			buildSettings = {
				ALWAYS_EMBED_SWIFT_STANDARD_LIBRARIES = YES;
				BUNDLE_LOADER = "$(TEST_HOST)";
				CODE_SIGN_STYLE = Automatic;
				INFOPLIST_FILE = flixterTests/Info.plist;
				IPHONEOS_DEPLOYMENT_TARGET = 13.7;
				LD_RUNPATH_SEARCH_PATHS = (
					"$(inherited)",
					"@executable_path/Frameworks",
					"@loader_path/Frameworks",
				);
				PRODUCT_BUNDLE_IDENTIFIER = com.codepath.flixterTests;
				PRODUCT_NAME = "$(TARGET_NAME)";
				SWIFT_VERSION = 5.0;
				TARGETED_DEVICE_FAMILY = "1,2";
				TEST_HOST = "$(BUILT_PRODUCTS_DIR)/flixter.app/flixter";
			};
			name = Release;
		};
		3BBD7C2F24FF57A8006BC1C5 /* Debug */ = {
			isa = XCBuildConfiguration;
			baseConfigurationReference = 89315478DEFC0D3BC6D1856A /* Pods-flixter-flixterUITests.debug.xcconfig */;
			buildSettings = {
				ALWAYS_EMBED_SWIFT_STANDARD_LIBRARIES = YES;
				CODE_SIGN_STYLE = Automatic;
				INFOPLIST_FILE = flixterUITests/Info.plist;
				LD_RUNPATH_SEARCH_PATHS = (
					"$(inherited)",
					"@executable_path/Frameworks",
					"@loader_path/Frameworks",
				);
				PRODUCT_BUNDLE_IDENTIFIER = com.codepath.flixterUITests;
				PRODUCT_NAME = "$(TARGET_NAME)";
				SWIFT_VERSION = 5.0;
				TARGETED_DEVICE_FAMILY = "1,2";
				TEST_TARGET_NAME = flixter;
			};
			name = Debug;
		};
		3BBD7C3024FF57A8006BC1C5 /* Release */ = {
			isa = XCBuildConfiguration;
			baseConfigurationReference = F601BB5FEBFB6C9CF033439F /* Pods-flixter-flixterUITests.release.xcconfig */;
			buildSettings = {
				ALWAYS_EMBED_SWIFT_STANDARD_LIBRARIES = YES;
				CODE_SIGN_STYLE = Automatic;
				INFOPLIST_FILE = flixterUITests/Info.plist;
				LD_RUNPATH_SEARCH_PATHS = (
					"$(inherited)",
					"@executable_path/Frameworks",
					"@loader_path/Frameworks",
				);
				PRODUCT_BUNDLE_IDENTIFIER = com.codepath.flixterUITests;
				PRODUCT_NAME = "$(TARGET_NAME)";
				SWIFT_VERSION = 5.0;
				TARGETED_DEVICE_FAMILY = "1,2";
				TEST_TARGET_NAME = flixter;
			};
			name = Release;
		};
/* End XCBuildConfiguration section */

/* Begin XCConfigurationList section */
		3BBD7BF924FF57A7006BC1C5 /* Build configuration list for PBXProject "flixter" */ = {
			isa = XCConfigurationList;
			buildConfigurations = (
				3BBD7C2624FF57A8006BC1C5 /* Debug */,
				3BBD7C2724FF57A8006BC1C5 /* Release */,
			);
			defaultConfigurationIsVisible = 0;
			defaultConfigurationName = Release;
		};
		3BBD7C2824FF57A8006BC1C5 /* Build configuration list for PBXNativeTarget "flixter" */ = {
			isa = XCConfigurationList;
			buildConfigurations = (
				3BBD7C2924FF57A8006BC1C5 /* Debug */,
				3BBD7C2A24FF57A8006BC1C5 /* Release */,
			);
			defaultConfigurationIsVisible = 0;
			defaultConfigurationName = Release;
		};
		3BBD7C2B24FF57A8006BC1C5 /* Build configuration list for PBXNativeTarget "flixterTests" */ = {
			isa = XCConfigurationList;
			buildConfigurations = (
				3BBD7C2C24FF57A8006BC1C5 /* Debug */,
				3BBD7C2D24FF57A8006BC1C5 /* Release */,
			);
			defaultConfigurationIsVisible = 0;
			defaultConfigurationName = Release;
		};
		3BBD7C2E24FF57A8006BC1C5 /* Build configuration list for PBXNativeTarget "flixterUITests" */ = {
			isa = XCConfigurationList;
			buildConfigurations = (
				3BBD7C2F24FF57A8006BC1C5 /* Debug */,
				3BBD7C3024FF57A8006BC1C5 /* Release */,
			);
			defaultConfigurationIsVisible = 0;
			defaultConfigurationName = Release;
		};
/* End XCConfigurationList section */
	};
	rootObject = 3BBD7BF624FF57A7006BC1C5 /* Project object */;
}
